// !$*UTF8*$!
{
	archiveVersion = 1;
	classes = {
	};
	objectVersion = 50;
	objects = {

/* Begin PBXBuildFile section */
		3D0C488824544CA300CE1EFF /* expeditionSagesseTests.swift in Sources */ = {isa = PBXBuildFile; fileRef = 3D0C488724544CA300CE1EFF /* expeditionSagesseTests.swift */; };
		3D1CD106245740C700C6D250 /* QuestionCardView.xib in Resources */ = {isa = PBXBuildFile; fileRef = 3D1CD105245740C700C6D250 /* QuestionCardView.xib */; };
		3D1CD108245740D500C6D250 /* QuestionCardView.swift in Sources */ = {isa = PBXBuildFile; fileRef = 3D1CD107245740D500C6D250 /* QuestionCardView.swift */; };
		3D9DE9E12454898E002DCC67 /* PlayerView.xib in Resources */ = {isa = PBXBuildFile; fileRef = 3D9DE9E02454898E002DCC67 /* PlayerView.xib */; };
		3D9DE9E324548B21002DCC67 /* PlayerView.swift in Sources */ = {isa = PBXBuildFile; fileRef = 3D9DE9E224548B21002DCC67 /* PlayerView.swift */; };
		8288089A2455D38F0085C9EE /* HomeViewController.swift in Sources */ = {isa = PBXBuildFile; fileRef = 828808972455D38F0085C9EE /* HomeViewController.swift */; };
		8288089B2455D38F0085C9EE /* PlayersViewController.swift in Sources */ = {isa = PBXBuildFile; fileRef = 828808982455D38F0085C9EE /* PlayersViewController.swift */; };
		8288089C2455D38F0085C9EE /* SelectQuestionViewController.swift in Sources */ = {isa = PBXBuildFile; fileRef = 828808992455D38F0085C9EE /* SelectQuestionViewController.swift */; };
		8288089F2455D3A10085C9EE /* Party.swift in Sources */ = {isa = PBXBuildFile; fileRef = 8288089D2455D3A10085C9EE /* Party.swift */; };
		828808A02455D3A10085C9EE /* Player.swift in Sources */ = {isa = PBXBuildFile; fileRef = 8288089E2455D3A10085C9EE /* Player.swift */; };
		828808A62455D45B0085C9EE /* Helpers.swift in Sources */ = {isa = PBXBuildFile; fileRef = 828808A22455D45B0085C9EE /* Helpers.swift */; };
		828808A72455D45B0085C9EE /* AppConfiguration.swift in Sources */ = {isa = PBXBuildFile; fileRef = 828808A32455D45B0085C9EE /* AppConfiguration.swift */; };
		828808AA2455D4690085C9EE /* PlayerTableViewCell.swift in Sources */ = {isa = PBXBuildFile; fileRef = 828808A92455D4680085C9EE /* PlayerTableViewCell.swift */; };
		828808AD2455D57D0085C9EE /* UIButton+Extension.swift in Sources */ = {isa = PBXBuildFile; fileRef = 828808AC2455D57D0085C9EE /* UIButton+Extension.swift */; };
		82F5F71B2452F0E6001642A3 /* AppDelegate.swift in Sources */ = {isa = PBXBuildFile; fileRef = 82F5F71A2452F0E6001642A3 /* AppDelegate.swift */; };
		82F5F7222452F0E6001642A3 /* Main.storyboard in Resources */ = {isa = PBXBuildFile; fileRef = 82F5F7202452F0E6001642A3 /* Main.storyboard */; };
		82F5F7242452F0E8001642A3 /* Assets.xcassets in Resources */ = {isa = PBXBuildFile; fileRef = 82F5F7232452F0E8001642A3 /* Assets.xcassets */; };
		82F5F7272452F0E8001642A3 /* LaunchScreen.storyboard in Resources */ = {isa = PBXBuildFile; fileRef = 82F5F7252452F0E8001642A3 /* LaunchScreen.storyboard */; };
		82F5F7332452F723001642A3 /* Localizable.strings in Resources */ = {isa = PBXBuildFile; fileRef = 82F5F7352452F723001642A3 /* Localizable.strings */; };
		82F5F73A245324B5001642A3 /* SceneDelegate.swift in Sources */ = {isa = PBXBuildFile; fileRef = 82F5F739245324B5001642A3 /* SceneDelegate.swift */; };
/* End PBXBuildFile section */

/* Begin PBXContainerItemProxy section */
		3D0C488A24544CA300CE1EFF /* PBXContainerItemProxy */ = {
			isa = PBXContainerItemProxy;
			containerPortal = 82F5F70F2452F0E6001642A3 /* Project object */;
			proxyType = 1;
			remoteGlobalIDString = 82F5F7162452F0E6001642A3;
			remoteInfo = expeditionSagesse;
		};
/* End PBXContainerItemProxy section */

/* Begin PBXFileReference section */
		3D0C488524544CA300CE1EFF /* expeditionSagesseTests.xctest */ = {isa = PBXFileReference; explicitFileType = wrapper.cfbundle; includeInIndex = 0; path = expeditionSagesseTests.xctest; sourceTree = BUILT_PRODUCTS_DIR; };
		3D0C488724544CA300CE1EFF /* expeditionSagesseTests.swift */ = {isa = PBXFileReference; lastKnownFileType = sourcecode.swift; path = expeditionSagesseTests.swift; sourceTree = "<group>"; };
		3D0C488924544CA300CE1EFF /* Info.plist */ = {isa = PBXFileReference; lastKnownFileType = text.plist.xml; path = Info.plist; sourceTree = "<group>"; };
		3D1CD105245740C700C6D250 /* QuestionCardView.xib */ = {isa = PBXFileReference; lastKnownFileType = file.xib; path = QuestionCardView.xib; sourceTree = "<group>"; };
		3D1CD107245740D500C6D250 /* QuestionCardView.swift */ = {isa = PBXFileReference; lastKnownFileType = sourcecode.swift; path = QuestionCardView.swift; sourceTree = "<group>"; };
		3D9DE9E02454898E002DCC67 /* PlayerView.xib */ = {isa = PBXFileReference; lastKnownFileType = file.xib; path = PlayerView.xib; sourceTree = "<group>"; };
		3D9DE9E224548B21002DCC67 /* PlayerView.swift */ = {isa = PBXFileReference; lastKnownFileType = sourcecode.swift; path = PlayerView.swift; sourceTree = "<group>"; };
		828808972455D38F0085C9EE /* HomeViewController.swift */ = {isa = PBXFileReference; fileEncoding = 4; lastKnownFileType = sourcecode.swift; path = HomeViewController.swift; sourceTree = "<group>"; };
		828808982455D38F0085C9EE /* PlayersViewController.swift */ = {isa = PBXFileReference; fileEncoding = 4; lastKnownFileType = sourcecode.swift; path = PlayersViewController.swift; sourceTree = "<group>"; };
		828808992455D38F0085C9EE /* SelectQuestionViewController.swift */ = {isa = PBXFileReference; fileEncoding = 4; lastKnownFileType = sourcecode.swift; path = SelectQuestionViewController.swift; sourceTree = "<group>"; };
		8288089D2455D3A10085C9EE /* Party.swift */ = {isa = PBXFileReference; fileEncoding = 4; lastKnownFileType = sourcecode.swift; path = Party.swift; sourceTree = "<group>"; };
		8288089E2455D3A10085C9EE /* Player.swift */ = {isa = PBXFileReference; fileEncoding = 4; lastKnownFileType = sourcecode.swift; path = Player.swift; sourceTree = "<group>"; };
		828808A22455D45B0085C9EE /* Helpers.swift */ = {isa = PBXFileReference; fileEncoding = 4; lastKnownFileType = sourcecode.swift; path = Helpers.swift; sourceTree = "<group>"; };
		828808A32455D45B0085C9EE /* AppConfiguration.swift */ = {isa = PBXFileReference; fileEncoding = 4; lastKnownFileType = sourcecode.swift; path = AppConfiguration.swift; sourceTree = "<group>"; };
		828808A92455D4680085C9EE /* PlayerTableViewCell.swift */ = {isa = PBXFileReference; fileEncoding = 4; lastKnownFileType = sourcecode.swift; path = PlayerTableViewCell.swift; sourceTree = "<group>"; };
		828808AC2455D57D0085C9EE /* UIButton+Extension.swift */ = {isa = PBXFileReference; fileEncoding = 4; lastKnownFileType = sourcecode.swift; path = "UIButton+Extension.swift"; sourceTree = "<group>"; };
		82F5F7172452F0E6001642A3 /* expeditionSagesse.app */ = {isa = PBXFileReference; explicitFileType = wrapper.application; includeInIndex = 0; path = expeditionSagesse.app; sourceTree = BUILT_PRODUCTS_DIR; };
		82F5F71A2452F0E6001642A3 /* AppDelegate.swift */ = {isa = PBXFileReference; lastKnownFileType = sourcecode.swift; path = AppDelegate.swift; sourceTree = "<group>"; };
		82F5F7212452F0E6001642A3 /* Base */ = {isa = PBXFileReference; lastKnownFileType = file.storyboard; name = Base; path = Base.lproj/Main.storyboard; sourceTree = "<group>"; };
		82F5F7232452F0E8001642A3 /* Assets.xcassets */ = {isa = PBXFileReference; lastKnownFileType = folder.assetcatalog; path = Assets.xcassets; sourceTree = "<group>"; };
		82F5F7262452F0E8001642A3 /* Base */ = {isa = PBXFileReference; lastKnownFileType = file.storyboard; name = Base; path = Base.lproj/LaunchScreen.storyboard; sourceTree = "<group>"; };
		82F5F7282452F0E8001642A3 /* Info.plist */ = {isa = PBXFileReference; lastKnownFileType = text.plist.xml; path = Info.plist; sourceTree = "<group>"; };
		82F5F7342452F723001642A3 /* fr */ = {isa = PBXFileReference; lastKnownFileType = text.plist.strings; name = fr; path = fr.lproj/Localizable.strings; sourceTree = "<group>"; };
		82F5F7362452F728001642A3 /* en */ = {isa = PBXFileReference; lastKnownFileType = text.plist.strings; name = en; path = en.lproj/Localizable.strings; sourceTree = "<group>"; };
		82F5F739245324B5001642A3 /* SceneDelegate.swift */ = {isa = PBXFileReference; fileEncoding = 4; lastKnownFileType = sourcecode.swift; path = SceneDelegate.swift; sourceTree = "<group>"; };
/* End PBXFileReference section */

/* Begin PBXFrameworksBuildPhase section */
		3D0C488224544CA300CE1EFF /* Frameworks */ = {
			isa = PBXFrameworksBuildPhase;
			buildActionMask = 2147483647;
			files = (
			);
			runOnlyForDeploymentPostprocessing = 0;
		};
		82F5F7142452F0E6001642A3 /* Frameworks */ = {
			isa = PBXFrameworksBuildPhase;
			buildActionMask = 2147483647;
			files = (
			);
			runOnlyForDeploymentPostprocessing = 0;
		};
/* End PBXFrameworksBuildPhase section */

/* Begin PBXGroup section */
		3D0C488624544CA300CE1EFF /* expeditionSagesseTests */ = {
			isa = PBXGroup;
			children = (
				3D0C488724544CA300CE1EFF /* expeditionSagesseTests.swift */,
				3D0C488924544CA300CE1EFF /* Info.plist */,
			);
			path = expeditionSagesseTests;
			sourceTree = "<group>";
		};
		3D9DE9DF245488E5002DCC67 /* Views */ = {
			isa = PBXGroup;
			children = (
				828808A92455D4680085C9EE /* PlayerTableViewCell.swift */,
				3D9DE9E02454898E002DCC67 /* PlayerView.xib */,
				3D9DE9E224548B21002DCC67 /* PlayerView.swift */,
				3D1CD105245740C700C6D250 /* QuestionCardView.xib */,
				3D1CD107245740D500C6D250 /* QuestionCardView.swift */,
			);
			path = Views;
			sourceTree = "<group>";
		};
		3D9EB371245475DB005E3CAC /* ViewControllers */ = {
			isa = PBXGroup;
			children = (
				828808972455D38F0085C9EE /* HomeViewController.swift */,
				828808982455D38F0085C9EE /* PlayersViewController.swift */,
				828808992455D38F0085C9EE /* SelectQuestionViewController.swift */,
			);
			path = ViewControllers;
			sourceTree = "<group>";
		};
		3D9EB373245475FB005E3CAC /* Model */ = {
			isa = PBXGroup;
			children = (
				8288089D2455D3A10085C9EE /* Party.swift */,
				8288089E2455D3A10085C9EE /* Player.swift */,
			);
			path = Model;
			sourceTree = "<group>";
		};
		828808A12455D40F0085C9EE /* Tools */ = {
			isa = PBXGroup;
			children = (
				828808AB2455D57D0085C9EE /* Extensions */,
				828808A32455D45B0085C9EE /* AppConfiguration.swift */,
				828808A22455D45B0085C9EE /* Helpers.swift */,
			);
			path = Tools;
			sourceTree = "<group>";
		};
		828808AB2455D57D0085C9EE /* Extensions */ = {
			isa = PBXGroup;
			children = (
				828808AC2455D57D0085C9EE /* UIButton+Extension.swift */,
			);
			path = Extensions;
			sourceTree = "<group>";
		};
		82F5F70E2452F0E6001642A3 = {
			isa = PBXGroup;
			children = (
				82F5F7192452F0E6001642A3 /* expeditionSagesse */,
				3D0C488624544CA300CE1EFF /* expeditionSagesseTests */,
				82F5F7182452F0E6001642A3 /* Products */,
			);
			sourceTree = "<group>";
		};
		82F5F7182452F0E6001642A3 /* Products */ = {
			isa = PBXGroup;
			children = (
				82F5F7172452F0E6001642A3 /* expeditionSagesse.app */,
				3D0C488524544CA300CE1EFF /* expeditionSagesseTests.xctest */,
			);
			name = Products;
			sourceTree = "<group>";
		};
		82F5F7192452F0E6001642A3 /* expeditionSagesse */ = {
			isa = PBXGroup;
			children = (
				828808A12455D40F0085C9EE /* Tools */,
				3D9EB373245475FB005E3CAC /* Model */,
				3D9DE9DF245488E5002DCC67 /* Views */,
				3D9EB371245475DB005E3CAC /* ViewControllers */,
				82F5F739245324B5001642A3 /* SceneDelegate.swift */,
				82F5F71A2452F0E6001642A3 /* AppDelegate.swift */,
				82F5F7202452F0E6001642A3 /* Main.storyboard */,
				82F5F7232452F0E8001642A3 /* Assets.xcassets */,
				82F5F7252452F0E8001642A3 /* LaunchScreen.storyboard */,
				82F5F7282452F0E8001642A3 /* Info.plist */,
				82F5F7352452F723001642A3 /* Localizable.strings */,
			);
			path = expeditionSagesse;
			sourceTree = "<group>";
		};
/* End PBXGroup section */

/* Begin PBXNativeTarget section */
		3D0C488424544CA300CE1EFF /* expeditionSagesseTests */ = {
			isa = PBXNativeTarget;
			buildConfigurationList = 3D0C488C24544CA300CE1EFF /* Build configuration list for PBXNativeTarget "expeditionSagesseTests" */;
			buildPhases = (
				3D0C488124544CA300CE1EFF /* Sources */,
				3D0C488224544CA300CE1EFF /* Frameworks */,
				3D0C488324544CA300CE1EFF /* Resources */,
			);
			buildRules = (
			);
			dependencies = (
				3D0C488B24544CA300CE1EFF /* PBXTargetDependency */,
			);
			name = expeditionSagesseTests;
			productName = expeditionSagesseTests;
			productReference = 3D0C488524544CA300CE1EFF /* expeditionSagesseTests.xctest */;
			productType = "com.apple.product-type.bundle.unit-test";
		};
		82F5F7162452F0E6001642A3 /* expeditionSagesse */ = {
			isa = PBXNativeTarget;
			buildConfigurationList = 82F5F72B2452F0E8001642A3 /* Build configuration list for PBXNativeTarget "expeditionSagesse" */;
			buildPhases = (
				82F5F7132452F0E6001642A3 /* Sources */,
				82F5F7142452F0E6001642A3 /* Frameworks */,
				82F5F7152452F0E6001642A3 /* Resources */,
			);
			buildRules = (
			);
			dependencies = (
			);
			name = expeditionSagesse;
			productName = expeditionSagesseStoryboard;
			productReference = 82F5F7172452F0E6001642A3 /* expeditionSagesse.app */;
			productType = "com.apple.product-type.application";
		};
/* End PBXNativeTarget section */

/* Begin PBXProject section */
		82F5F70F2452F0E6001642A3 /* Project object */ = {
			isa = PBXProject;
			attributes = {
				LastSwiftUpdateCheck = 1140;
				LastUpgradeCheck = 1130;
				ORGANIZATIONNAME = ephiscience;
				TargetAttributes = {
					3D0C488424544CA300CE1EFF = {
						CreatedOnToolsVersion = 11.4;
						TestTargetID = 82F5F7162452F0E6001642A3;
					};
					82F5F7162452F0E6001642A3 = {
						CreatedOnToolsVersion = 11.3.1;
					};
				};
			};
			buildConfigurationList = 82F5F7122452F0E6001642A3 /* Build configuration list for PBXProject "expeditionSagesse" */;
			compatibilityVersion = "Xcode 9.3";
			developmentRegion = en;
			hasScannedForEncodings = 0;
			knownRegions = (
				en,
				Base,
				fr,
			);
			mainGroup = 82F5F70E2452F0E6001642A3;
			productRefGroup = 82F5F7182452F0E6001642A3 /* Products */;
			projectDirPath = "";
			projectRoot = "";
			targets = (
				82F5F7162452F0E6001642A3 /* expeditionSagesse */,
				3D0C488424544CA300CE1EFF /* expeditionSagesseTests */,
			);
		};
/* End PBXProject section */

/* Begin PBXResourcesBuildPhase section */
		3D0C488324544CA300CE1EFF /* Resources */ = {
			isa = PBXResourcesBuildPhase;
			buildActionMask = 2147483647;
			files = (
			);
			runOnlyForDeploymentPostprocessing = 0;
		};
		82F5F7152452F0E6001642A3 /* Resources */ = {
			isa = PBXResourcesBuildPhase;
			buildActionMask = 2147483647;
			files = (
				82F5F7272452F0E8001642A3 /* LaunchScreen.storyboard in Resources */,
				82F5F7332452F723001642A3 /* Localizable.strings in Resources */,
				3D1CD106245740C700C6D250 /* QuestionCardView.xib in Resources */,
				82F5F7242452F0E8001642A3 /* Assets.xcassets in Resources */,
				82F5F7222452F0E6001642A3 /* Main.storyboard in Resources */,
				3D9DE9E12454898E002DCC67 /* PlayerView.xib in Resources */,
			);
			runOnlyForDeploymentPostprocessing = 0;
		};
/* End PBXResourcesBuildPhase section */

/* Begin PBXSourcesBuildPhase section */
		3D0C488124544CA300CE1EFF /* Sources */ = {
			isa = PBXSourcesBuildPhase;
			buildActionMask = 2147483647;
			files = (
				3D0C488824544CA300CE1EFF /* expeditionSagesseTests.swift in Sources */,
			);
			runOnlyForDeploymentPostprocessing = 0;
		};
		82F5F7132452F0E6001642A3 /* Sources */ = {
			isa = PBXSourcesBuildPhase;
			buildActionMask = 2147483647;
			files = (
				828808AA2455D4690085C9EE /* PlayerTableViewCell.swift in Sources */,
				3D1CD108245740D500C6D250 /* QuestionCardView.swift in Sources */,
				8288089B2455D38F0085C9EE /* PlayersViewController.swift in Sources */,
				8288089C2455D38F0085C9EE /* SelectQuestionViewController.swift in Sources */,
				3D9DE9E324548B21002DCC67 /* PlayerView.swift in Sources */,
				8288089F2455D3A10085C9EE /* Party.swift in Sources */,
				828808AD2455D57D0085C9EE /* UIButton+Extension.swift in Sources */,
				82F5F71B2452F0E6001642A3 /* AppDelegate.swift in Sources */,
				8288089A2455D38F0085C9EE /* HomeViewController.swift in Sources */,
				828808A62455D45B0085C9EE /* Helpers.swift in Sources */,
				828808A02455D3A10085C9EE /* Player.swift in Sources */,
				828808A72455D45B0085C9EE /* AppConfiguration.swift in Sources */,
				82F5F73A245324B5001642A3 /* SceneDelegate.swift in Sources */,
			);
			runOnlyForDeploymentPostprocessing = 0;
		};
/* End PBXSourcesBuildPhase section */

/* Begin PBXTargetDependency section */
		3D0C488B24544CA300CE1EFF /* PBXTargetDependency */ = {
			isa = PBXTargetDependency;
			target = 82F5F7162452F0E6001642A3 /* expeditionSagesse */;
			targetProxy = 3D0C488A24544CA300CE1EFF /* PBXContainerItemProxy */;
		};
/* End PBXTargetDependency section */

/* Begin PBXVariantGroup section */
		82F5F7202452F0E6001642A3 /* Main.storyboard */ = {
			isa = PBXVariantGroup;
			children = (
				82F5F7212452F0E6001642A3 /* Base */,
			);
			name = Main.storyboard;
			sourceTree = "<group>";
		};
		82F5F7252452F0E8001642A3 /* LaunchScreen.storyboard */ = {
			isa = PBXVariantGroup;
			children = (
				82F5F7262452F0E8001642A3 /* Base */,
			);
			name = LaunchScreen.storyboard;
			sourceTree = "<group>";
		};
		82F5F7352452F723001642A3 /* Localizable.strings */ = {
			isa = PBXVariantGroup;
			children = (
				82F5F7342452F723001642A3 /* fr */,
				82F5F7362452F728001642A3 /* en */,
			);
			name = Localizable.strings;
			sourceTree = "<group>";
		};
/* End PBXVariantGroup section */

/* Begin XCBuildConfiguration section */
		3D0C488D24544CA300CE1EFF /* Debug */ = {
			isa = XCBuildConfiguration;
			buildSettings = {
				BUNDLE_LOADER = "$(TEST_HOST)";
				CODE_SIGN_STYLE = Automatic;
				DEVELOPMENT_TEAM = 8RUAB6F22X;
				INFOPLIST_FILE = expeditionSagesseTests/Info.plist;
				IPHONEOS_DEPLOYMENT_TARGET = 13.0;
				LD_RUNPATH_SEARCH_PATHS = (
					"$(inherited)",
					"@executable_path/Frameworks",
					"@loader_path/Frameworks",
				);
				PRODUCT_BUNDLE_IDENTIFIER = "com.karim-lakhssassi.expeditionSagesseTests";
				PRODUCT_NAME = "$(TARGET_NAME)";
				SWIFT_VERSION = 5.0;
				TARGETED_DEVICE_FAMILY = "1,2";
				TEST_HOST = "$(BUILT_PRODUCTS_DIR)/expeditionSagesse.app/expeditionSagesse";
			};
			name = Debug;
		};
		3D0C488E24544CA300CE1EFF /* Release */ = {
			isa = XCBuildConfiguration;
			buildSettings = {
				BUNDLE_LOADER = "$(TEST_HOST)";
				CODE_SIGN_STYLE = Automatic;
				DEVELOPMENT_TEAM = 8RUAB6F22X;
				INFOPLIST_FILE = expeditionSagesseTests/Info.plist;
				IPHONEOS_DEPLOYMENT_TARGET = 13.0;
				LD_RUNPATH_SEARCH_PATHS = (
					"$(inherited)",
					"@executable_path/Frameworks",
					"@loader_path/Frameworks",
				);
				PRODUCT_BUNDLE_IDENTIFIER = "com.karim-lakhssassi.expeditionSagesseTests";
				PRODUCT_NAME = "$(TARGET_NAME)";
				SWIFT_VERSION = 5.0;
				TARGETED_DEVICE_FAMILY = "1,2";
				TEST_HOST = "$(BUILT_PRODUCTS_DIR)/expeditionSagesse.app/expeditionSagesse";
			};
			name = Release;
		};
		82F5F7292452F0E8001642A3 /* Debug */ = {
			isa = XCBuildConfiguration;
			buildSettings = {
				ALWAYS_SEARCH_USER_PATHS = NO;
				CLANG_ANALYZER_LOCALIZABILITY_NONLOCALIZED = YES;
				CLANG_ANALYZER_NONNULL = YES;
				CLANG_ANALYZER_NUMBER_OBJECT_CONVERSION = YES_AGGRESSIVE;
				CLANG_CXX_LANGUAGE_STANDARD = "gnu++14";
				CLANG_CXX_LIBRARY = "libc++";
				CLANG_ENABLE_MODULES = YES;
				CLANG_ENABLE_OBJC_ARC = YES;
				CLANG_ENABLE_OBJC_WEAK = YES;
				CLANG_WARN_BLOCK_CAPTURE_AUTORELEASING = YES;
				CLANG_WARN_BOOL_CONVERSION = YES;
				CLANG_WARN_COMMA = YES;
				CLANG_WARN_CONSTANT_CONVERSION = YES;
				CLANG_WARN_DEPRECATED_OBJC_IMPLEMENTATIONS = YES;
				CLANG_WARN_DIRECT_OBJC_ISA_USAGE = YES_ERROR;
				CLANG_WARN_DOCUMENTATION_COMMENTS = YES;
				CLANG_WARN_EMPTY_BODY = YES;
				CLANG_WARN_ENUM_CONVERSION = YES;
				CLANG_WARN_INFINITE_RECURSION = YES;
				CLANG_WARN_INT_CONVERSION = YES;
				CLANG_WARN_NON_LITERAL_NULL_CONVERSION = YES;
				CLANG_WARN_OBJC_IMPLICIT_RETAIN_SELF = YES;
				CLANG_WARN_OBJC_LITERAL_CONVERSION = YES;
				CLANG_WARN_OBJC_ROOT_CLASS = YES_ERROR;
				CLANG_WARN_RANGE_LOOP_ANALYSIS = YES;
				CLANG_WARN_STRICT_PROTOTYPES = YES;
				CLANG_WARN_SUSPICIOUS_MOVE = YES;
				CLANG_WARN_UNGUARDED_AVAILABILITY = YES_AGGRESSIVE;
				CLANG_WARN_UNREACHABLE_CODE = YES;
				CLANG_WARN__DUPLICATE_METHOD_MATCH = YES;
				COPY_PHASE_STRIP = NO;
				DEBUG_INFORMATION_FORMAT = dwarf;
				ENABLE_STRICT_OBJC_MSGSEND = YES;
				ENABLE_TESTABILITY = YES;
				GCC_C_LANGUAGE_STANDARD = gnu11;
				GCC_DYNAMIC_NO_PIC = NO;
				GCC_NO_COMMON_BLOCKS = YES;
				GCC_OPTIMIZATION_LEVEL = 0;
				GCC_PREPROCESSOR_DEFINITIONS = (
					"DEBUG=1",
					"$(inherited)",
				);
				GCC_WARN_64_TO_32_BIT_CONVERSION = YES;
				GCC_WARN_ABOUT_RETURN_TYPE = YES_ERROR;
				GCC_WARN_UNDECLARED_SELECTOR = YES;
				GCC_WARN_UNINITIALIZED_AUTOS = YES_AGGRESSIVE;
				GCC_WARN_UNUSED_FUNCTION = YES;
				GCC_WARN_UNUSED_VARIABLE = YES;
				IPHONEOS_DEPLOYMENT_TARGET = 13.0;
				MTL_ENABLE_DEBUG_INFO = INCLUDE_SOURCE;
				MTL_FAST_MATH = YES;
				ONLY_ACTIVE_ARCH = YES;
				SDKROOT = iphoneos;
				SWIFT_ACTIVE_COMPILATION_CONDITIONS = DEBUG;
				SWIFT_OPTIMIZATION_LEVEL = "-Onone";
			};
			name = Debug;
		};
		82F5F72A2452F0E8001642A3 /* Release */ = {
			isa = XCBuildConfiguration;
			buildSettings = {
				ALWAYS_SEARCH_USER_PATHS = NO;
				CLANG_ANALYZER_LOCALIZABILITY_NONLOCALIZED = YES;
				CLANG_ANALYZER_NONNULL = YES;
				CLANG_ANALYZER_NUMBER_OBJECT_CONVERSION = YES_AGGRESSIVE;
				CLANG_CXX_LANGUAGE_STANDARD = "gnu++14";
				CLANG_CXX_LIBRARY = "libc++";
				CLANG_ENABLE_MODULES = YES;
				CLANG_ENABLE_OBJC_ARC = YES;
				CLANG_ENABLE_OBJC_WEAK = YES;
				CLANG_WARN_BLOCK_CAPTURE_AUTORELEASING = YES;
				CLANG_WARN_BOOL_CONVERSION = YES;
				CLANG_WARN_COMMA = YES;
				CLANG_WARN_CONSTANT_CONVERSION = YES;
				CLANG_WARN_DEPRECATED_OBJC_IMPLEMENTATIONS = YES;
				CLANG_WARN_DIRECT_OBJC_ISA_USAGE = YES_ERROR;
				CLANG_WARN_DOCUMENTATION_COMMENTS = YES;
				CLANG_WARN_EMPTY_BODY = YES;
				CLANG_WARN_ENUM_CONVERSION = YES;
				CLANG_WARN_INFINITE_RECURSION = YES;
				CLANG_WARN_INT_CONVERSION = YES;
				CLANG_WARN_NON_LITERAL_NULL_CONVERSION = YES;
				CLANG_WARN_OBJC_IMPLICIT_RETAIN_SELF = YES;
				CLANG_WARN_OBJC_LITERAL_CONVERSION = YES;
				CLANG_WARN_OBJC_ROOT_CLASS = YES_ERROR;
				CLANG_WARN_RANGE_LOOP_ANALYSIS = YES;
				CLANG_WARN_STRICT_PROTOTYPES = YES;
				CLANG_WARN_SUSPICIOUS_MOVE = YES;
				CLANG_WARN_UNGUARDED_AVAILABILITY = YES_AGGRESSIVE;
				CLANG_WARN_UNREACHABLE_CODE = YES;
				CLANG_WARN__DUPLICATE_METHOD_MATCH = YES;
				COPY_PHASE_STRIP = NO;
				DEBUG_INFORMATION_FORMAT = "dwarf-with-dsym";
				ENABLE_NS_ASSERTIONS = NO;
				ENABLE_STRICT_OBJC_MSGSEND = YES;
				GCC_C_LANGUAGE_STANDARD = gnu11;
				GCC_NO_COMMON_BLOCKS = YES;
				GCC_WARN_64_TO_32_BIT_CONVERSION = YES;
				GCC_WARN_ABOUT_RETURN_TYPE = YES_ERROR;
				GCC_WARN_UNDECLARED_SELECTOR = YES;
				GCC_WARN_UNINITIALIZED_AUTOS = YES_AGGRESSIVE;
				GCC_WARN_UNUSED_FUNCTION = YES;
				GCC_WARN_UNUSED_VARIABLE = YES;
				IPHONEOS_DEPLOYMENT_TARGET = 13.0;
				MTL_ENABLE_DEBUG_INFO = NO;
				MTL_FAST_MATH = YES;
				SDKROOT = iphoneos;
				SWIFT_COMPILATION_MODE = wholemodule;
				SWIFT_OPTIMIZATION_LEVEL = "-O";
				VALIDATE_PRODUCT = YES;
			};
			name = Release;
		};
		82F5F72C2452F0E8001642A3 /* Debug */ = {
			isa = XCBuildConfiguration;
			buildSettings = {
				ASSETCATALOG_COMPILER_APPICON_NAME = AppIcon;
				CODE_SIGN_STYLE = Automatic;
				DEVELOPMENT_TEAM = RX7J2U5N53;
				INFOPLIST_FILE = expeditionSagesse/Info.plist;
				IPHONEOS_DEPLOYMENT_TARGET = 13.0;
				LD_RUNPATH_SEARCH_PATHS = (
					"$(inherited)",
					"@executable_path/Frameworks",
				);
				PRODUCT_BUNDLE_IDENTIFIER = org.ephiscience.expeditionSagesse;
				PRODUCT_NAME = "$(TARGET_NAME)";
				SWIFT_VERSION = 5.0;
				TARGETED_DEVICE_FAMILY = "1,2";
			};
			name = Debug;
		};
		82F5F72D2452F0E8001642A3 /* Release */ = {
			isa = XCBuildConfiguration;
			buildSettings = {
				ASSETCATALOG_COMPILER_APPICON_NAME = AppIcon;
				CODE_SIGN_STYLE = Automatic;
				DEVELOPMENT_TEAM = RX7J2U5N53;
				INFOPLIST_FILE = expeditionSagesse/Info.plist;
				IPHONEOS_DEPLOYMENT_TARGET = 13.0;
				LD_RUNPATH_SEARCH_PATHS = (
					"$(inherited)",
					"@executable_path/Frameworks",
				);
				PRODUCT_BUNDLE_IDENTIFIER = org.ephiscience.expeditionSagesse;
				PRODUCT_NAME = "$(TARGET_NAME)";
				SWIFT_VERSION = 5.0;
				TARGETED_DEVICE_FAMILY = "1,2";
			};
			name = Release;
		};
/* End XCBuildConfiguration section */

/* Begin XCConfigurationList section */
		3D0C488C24544CA300CE1EFF /* Build configuration list for PBXNativeTarget "expeditionSagesseTests" */ = {
			isa = XCConfigurationList;
			buildConfigurations = (
				3D0C488D24544CA300CE1EFF /* Debug */,
				3D0C488E24544CA300CE1EFF /* Release */,
			);
			defaultConfigurationIsVisible = 0;
			defaultConfigurationName = Release;
		};
		82F5F7122452F0E6001642A3 /* Build configuration list for PBXProject "expeditionSagesse" */ = {
			isa = XCConfigurationList;
			buildConfigurations = (
				82F5F7292452F0E8001642A3 /* Debug */,
				82F5F72A2452F0E8001642A3 /* Release */,
			);
			defaultConfigurationIsVisible = 0;
			defaultConfigurationName = Release;
		};
		82F5F72B2452F0E8001642A3 /* Build configuration list for PBXNativeTarget "expeditionSagesse" */ = {
			isa = XCConfigurationList;
			buildConfigurations = (
				82F5F72C2452F0E8001642A3 /* Debug */,
				82F5F72D2452F0E8001642A3 /* Release */,
			);
			defaultConfigurationIsVisible = 0;
			defaultConfigurationName = Release;
		};
/* End XCConfigurationList section */
	};
	rootObject = 82F5F70F2452F0E6001642A3 /* Project object */;
}
